<Solution>
  <Folder Name="/DataAccess/" />
  <Folder Name="/DataAccess/DDL/" />
  <Folder Name="/DataAccess/DML/" />
  <Project Path="D:/Code/Projects/Ecommerce/Backend/ApplicationCore/ApplicationCore.csproj" />
  <Project Path="D:/Code/Projects/Ecommerce/Backend/WebAPI/WebAPI.csproj" />
</Solution>
